<?xml version="1.0" encoding="utf-8"?>
<Project ToolsVersion="4.0" xmlns="http://schemas.microsoft.com/developer/msbuild/2003">
  <ItemGroup>
    <Filter Include="Resource Files">
      <UniqueIdentifier>{67DA6AB6-F800-4c08-8B7A-83BB121AAD01}</UniqueIdentifier>
      <Extensions>rc;ico;cur;bmp;dlg;rc2;rct;bin;rgs;gif;jpg;jpeg;jpe;resx;tiff;tif;png;wav;mfcribbon-ms</Extensions>
    </Filter>
    <Filter Include="ui">
      <UniqueIdentifier>{a4433d7c-2038-4f73-853c-2f1d43e05b15}</UniqueIdentifier>
    </Filter>
    <Filter Include="modules">
      <UniqueIdentifier>{698b00d0-dd8b-483f-b162-2e2aba5ffd80}</UniqueIdentifier>
    </Filter>
    <Filter Include="modules\TMS9918">
      <UniqueIdentifier>{5dbdaa72-4ed9-4bb6-a88d-462c68d79f1a}</UniqueIdentifier>
    </Filter>
    <Filter Include="modules\AY-3-8910">
      <UniqueIdentifier>{0e1e8bdd-d8a5-4817-acbe-d54e258af34e}</UniqueIdentifier>
    </Filter>
    <Filter Include="src">
      <UniqueIdentifier>{3ddcc3a9-0113-414a-8f65-b694c083196b}</UniqueIdentifier>
    </Filter>
    <Filter Include="modules\LCD">
      <UniqueIdentifier>{e232384f-63ad-4558-a0ed-9aef54caaa69}</UniqueIdentifier>
    </Filter>
    <Filter Include="src\devices">
      <UniqueIdentifier>{427cfc69-cdaf-46d6-889e-533e34722205}</UniqueIdentifier>
    </Filter>
    <Filter Include="src\debugger">
      <UniqueIdentifier>{eba57e8f-ecee-4fcb-a921-30d2074e4048}</UniqueIdentifier>
    </Filter>
    <Filter Include="modules\65C02">
      <UniqueIdentifier>{bb03c3ba-8d1c-4236-b142-750d9f314822}</UniqueIdentifier>
    </Filter>
    <Filter Include="ui\imgui">
      <UniqueIdentifier>{b6b617c7-0a87-4564-876f-39fad8d98052}</UniqueIdentifier>
    </Filter>
    <Filter Include="ui\imgui\backend">
      <UniqueIdentifier>{537833cf-d201-429a-ab4c-cbd849c904e8}</UniqueIdentifier>
    </Filter>
  </ItemGroup>
  <ItemGroup>
    <ClInclude Include="..\modules\ay38910\emu2149.h">
      <Filter>modules\AY-3-8910</Filter>
    </ClInclude>
    <ClInclude Include="Resource.h">
      <Filter>Resource Files</Filter>
    </ClInclude>
    <ClInclude Include="..\src\hbc56emu.h">
      <Filter>src</Filter>
    </ClInclude>
    <ClInclude Include="..\modules\lcd\src\vrEmuLcd.h">
      <Filter>modules\LCD</Filter>
    </ClInclude>
    <ClInclude Include="..\src\config.h">
      <Filter>src</Filter>
    </ClInclude>
    <ClInclude Include="..\src\devices\ay38910_device.h">
      <Filter>src\devices</Filter>
    </ClInclude>
    <ClInclude Include="..\src\devices\keyboard_device.h">
      <Filter>src\devices</Filter>
    </ClInclude>
    <ClInclude Include="..\src\devices\lcd_device.h">
      <Filter>src\devices</Filter>
    </ClInclude>
    <ClInclude Include="..\src\devices\memory_device.h">
      <Filter>src\devices</Filter>
    </ClInclude>
    <ClInclude Include="..\src\devices\nes_device.h">
      <Filter>src\devices</Filter>
    </ClInclude>
    <ClInclude Include="..\src\devices\tms9918_device.h">
      <Filter>src\devices</Filter>
    </ClInclude>
    <ClInclude Include="..\src\devices\device.h">
      <Filter>src\devices</Filter>
    </ClInclude>
    <ClInclude Include="..\src\debugger\debugger.h">
      <Filter>src\debugger</Filter>
    </ClInclude>
    <ClInclude Include="..\src\audio.h">
      <Filter>src</Filter>
    </ClInclude>
    <ClInclude Include="..\src\devices\6502_device.h">
      <Filter>src\devices</Filter>
    </ClInclude>
    <ClInclude Include="..\src\devices\uart_device.h">
      <Filter>src\devices</Filter>
    </ClInclude>
    <ClInclude Include="..\modules\65c02\src\vrEmu6502.h">
      <Filter>modules\65C02</Filter>
    </ClInclude>
    <ClInclude Include="..\modules\tms9918\src\vrEmuTms9918.h">
      <Filter>modules\TMS9918</Filter>
    </ClInclude>
    <ClInclude Include="..\modules\tms9918\src\vrEmuTms9918Util.h">
      <Filter>modules\TMS9918</Filter>
    </ClInclude>
    <ClInclude Include="..\thirdparty\imgui\imconfig.h">
      <Filter>ui\imgui</Filter>
    </ClInclude>
    <ClInclude Include="..\thirdparty\imgui\imgui.h">
      <Filter>ui\imgui</Filter>
    </ClInclude>
    <ClInclude Include="..\thirdparty\imgui\imgui_internal.h">
      <Filter>ui\imgui</Filter>
    </ClInclude>
    <ClInclude Include="..\thirdparty\imgui\backends\imgui_impl_sdl.h">
      <Filter>ui\imgui\backend</Filter>
    </ClInclude>
    <ClInclude Include="..\thirdparty\imgui\backends\imgui_impl_sdlrenderer.h">
      <Filter>ui\imgui\backend</Filter>
    </ClInclude>
  </ItemGroup>
  <ItemGroup>
    <ResourceCompile Include="Hbc56Emu.rc">
      <Filter>Resource Files</Filter>
    </ResourceCompile>
  </ItemGroup>
  <ItemGroup>
    <Image Include="Hbc56Emu.ico">
      <Filter>Resource Files</Filter>
    </Image>
  </ItemGroup>
  <ItemGroup>
    <ClCompile Include="..\modules\ay38910\emu2149.c">
      <Filter>modules\AY-3-8910</Filter>
    </ClCompile>
    <ClCompile Include="..\src\hbc56emu.cpp">
      <Filter>src</Filter>
    </ClCompile>
    <ClCompile Include="..\modules\lcd\src\vrEmuLcd.c">
      <Filter>modules\LCD</Filter>
    </ClCompile>
    <ClCompile Include="..\src\devices\ay38910_device.c">
      <Filter>src\devices</Filter>
    </ClCompile>
    <ClCompile Include="..\src\devices\keyboard_device.c">
      <Filter>src\devices</Filter>
    </ClCompile>
    <ClCompile Include="..\src\devices\lcd_device.c">
      <Filter>src\devices</Filter>
    </ClCompile>
    <ClCompile Include="..\src\devices\memory_device.c">
      <Filter>src\devices</Filter>
    </ClCompile>
    <ClCompile Include="..\src\devices\nes_device.c">
      <Filter>src\devices</Filter>
    </ClCompile>
    <ClCompile Include="..\src\devices\tms9918_device.c">
      <Filter>src\devices</Filter>
    </ClCompile>
    <ClCompile Include="..\src\devices\device.c">
      <Filter>src\devices</Filter>
    </ClCompile>
    <ClCompile Include="..\src\debugger\debugger.cpp">
      <Filter>src\debugger</Filter>
    </ClCompile>
    <ClCompile Include="..\src\audio.c">
      <Filter>src</Filter>
    </ClCompile>
    <ClCompile Include="..\src\devices\6502_device.c">
      <Filter>src\devices</Filter>
    </ClCompile>
    <ClCompile Include="..\src\devices\uart_device.c">
      <Filter>src\devices</Filter>
    </ClCompile>
    <ClCompile Include="..\modules\65c02\src\vrEmu6502.c">
      <Filter>modules\65C02</Filter>
    </ClCompile>
    <ClCompile Include="..\modules\tms9918\src\vrEmuTms9918.c">
      <Filter>modules\TMS9918</Filter>
    </ClCompile>
    <ClCompile Include="..\modules\tms9918\src\vrEmuTms9918Util.c">
      <Filter>modules\TMS9918</Filter>
    </ClCompile>
    <ClCompile Include="..\thirdparty\imgui\imgui.cpp">
      <Filter>ui\imgui</Filter>
    </ClCompile>
    <ClCompile Include="..\thirdparty\imgui\imgui_demo.cpp">
      <Filter>ui\imgui</Filter>
    </ClCompile>
    <ClCompile Include="..\thirdparty\imgui\imgui_draw.cpp">
      <Filter>ui\imgui</Filter>
    </ClCompile>
    <ClCompile Include="..\thirdparty\imgui\imgui_tables.cpp">
      <Filter>ui\imgui</Filter>
    </ClCompile>
    <ClCompile Include="..\thirdparty\imgui\imgui_widgets.cpp">
      <Filter>ui\imgui</Filter>
    </ClCompile>
    <ClCompile Include="..\thirdparty\imgui\backends\imgui_impl_sdl.cpp">
      <Filter>ui\imgui\backend</Filter>
    </ClCompile>
    <ClCompile Include="..\thirdparty\imgui\backends\imgui_impl_sdlrenderer.cpp">
      <Filter>ui\imgui\backend</Filter>
    </ClCompile>
  </ItemGroup>
</Project>